// !$*UTF8*$!
{
	archiveVersion = 1;
	classes = {
	};
	objectVersion = 56;
	objects = {

/* Begin PBXBuildFile section */
		36108D8D2A2E31E700CA6D60 /* CryptoHubApp.swift in Sources */ = {isa = PBXBuildFile; fileRef = 36108D8C2A2E31E700CA6D60 /* CryptoHubApp.swift */; };
		36108D8F2A2E31E700CA6D60 /* ContentView.swift in Sources */ = {isa = PBXBuildFile; fileRef = 36108D8E2A2E31E700CA6D60 /* ContentView.swift */; };
		36108D912A2E31EA00CA6D60 /* Assets.xcassets in Resources */ = {isa = PBXBuildFile; fileRef = 36108D902A2E31EA00CA6D60 /* Assets.xcassets */; };
		36108D942A2E31EA00CA6D60 /* Preview Assets.xcassets in Resources */ = {isa = PBXBuildFile; fileRef = 36108D932A2E31EA00CA6D60 /* Preview Assets.xcassets */; };
		36108E922A2E4B4B00CA6D60 /* HomeView.swift in Sources */ = {isa = PBXBuildFile; fileRef = 36108E912A2E4B4B00CA6D60 /* HomeView.swift */; };
		36108E952A2E4C7000CA6D60 /* TopMoversView.swift in Sources */ = {isa = PBXBuildFile; fileRef = 36108E942A2E4C7000CA6D60 /* TopMoversView.swift */; };
		36108E972A2E4C7800CA6D60 /* TopMoverItemView.swift in Sources */ = {isa = PBXBuildFile; fileRef = 36108E962A2E4C7800CA6D60 /* TopMoverItemView.swift */; };
		36108E992A2E51CD00CA6D60 /* AllCoinsView.swift in Sources */ = {isa = PBXBuildFile; fileRef = 36108E982A2E51CD00CA6D60 /* AllCoinsView.swift */; };
		36108E9B2A2E51D400CA6D60 /* CoinRowView.swift in Sources */ = {isa = PBXBuildFile; fileRef = 36108E9A2A2E51D400CA6D60 /* CoinRowView.swift */; };
/* End PBXBuildFile section */

/* Begin PBXFileReference section */
		36108D892A2E31E700CA6D60 /* CryptoHub.app */ = {isa = PBXFileReference; explicitFileType = wrapper.application; includeInIndex = 0; path = CryptoHub.app; sourceTree = BUILT_PRODUCTS_DIR; };
		36108D8C2A2E31E700CA6D60 /* CryptoHubApp.swift */ = {isa = PBXFileReference; lastKnownFileType = sourcecode.swift; path = CryptoHubApp.swift; sourceTree = "<group>"; };
		36108D8E2A2E31E700CA6D60 /* ContentView.swift */ = {isa = PBXFileReference; lastKnownFileType = sourcecode.swift; path = ContentView.swift; sourceTree = "<group>"; };
		36108D902A2E31EA00CA6D60 /* Assets.xcassets */ = {isa = PBXFileReference; lastKnownFileType = folder.assetcatalog; path = Assets.xcassets; sourceTree = "<group>"; };
		36108D932A2E31EA00CA6D60 /* Preview Assets.xcassets */ = {isa = PBXFileReference; lastKnownFileType = folder.assetcatalog; path = "Preview Assets.xcassets"; sourceTree = "<group>"; };
		36108E912A2E4B4B00CA6D60 /* HomeView.swift */ = {isa = PBXFileReference; lastKnownFileType = sourcecode.swift; path = HomeView.swift; sourceTree = "<group>"; };
		36108E942A2E4C7000CA6D60 /* TopMoversView.swift */ = {isa = PBXFileReference; lastKnownFileType = sourcecode.swift; path = TopMoversView.swift; sourceTree = "<group>"; };
		36108E962A2E4C7800CA6D60 /* TopMoverItemView.swift */ = {isa = PBXFileReference; lastKnownFileType = sourcecode.swift; path = TopMoverItemView.swift; sourceTree = "<group>"; };
		36108E982A2E51CD00CA6D60 /* AllCoinsView.swift */ = {isa = PBXFileReference; lastKnownFileType = sourcecode.swift; path = AllCoinsView.swift; sourceTree = "<group>"; };
		36108E9A2A2E51D400CA6D60 /* CoinRowView.swift */ = {isa = PBXFileReference; lastKnownFileType = sourcecode.swift; path = CoinRowView.swift; sourceTree = "<group>"; };
/* End PBXFileReference section */

/* Begin PBXFrameworksBuildPhase section */
		36108D862A2E31E700CA6D60 /* Frameworks */ = {
			isa = PBXFrameworksBuildPhase;
			buildActionMask = 2147483647;
			files = (
			);
			runOnlyForDeploymentPostprocessing = 0;
		};
/* End PBXFrameworksBuildPhase section */

/* Begin PBXGroup section */
		36108D802A2E31E700CA6D60 = {
			isa = PBXGroup;
			children = (
				36108D8B2A2E31E700CA6D60 /* CryptoHub */,
				36108D8A2A2E31E700CA6D60 /* Products */,
			);
			sourceTree = "<group>";
		};
		36108D8A2A2E31E700CA6D60 /* Products */ = {
			isa = PBXGroup;
			children = (
				36108D892A2E31E700CA6D60 /* CryptoHub.app */,
			);
			name = Products;
			sourceTree = "<group>";
		};
		36108D8B2A2E31E700CA6D60 /* CryptoHub */ = {
			isa = PBXGroup;
			children = (
				36108E8D2A2E4A4600CA6D60 /* Extension */,
				36108E8C2A2E4A2100CA6D60 /* App */,
				36108E8B2A2E4A2000CA6D60 /* Core */,
				36108E8A2A2E4A1F00CA6D60 /* Utils */,
				36108E882A2E4A1500CA6D60 /* Model */,
				36108D8C2A2E31E700CA6D60 /* CryptoHubApp.swift */,
				36108D902A2E31EA00CA6D60 /* Assets.xcassets */,
				36108D922A2E31EA00CA6D60 /* Preview Content */,
			);
			path = CryptoHub;
			sourceTree = "<group>";
		};
		36108D922A2E31EA00CA6D60 /* Preview Content */ = {
			isa = PBXGroup;
			children = (
				36108D932A2E31EA00CA6D60 /* Preview Assets.xcassets */,
			);
			path = "Preview Content";
			sourceTree = "<group>";
		};
		36108E882A2E4A1500CA6D60 /* Model */ = {
			isa = PBXGroup;
			children = (
			);
			path = Model;
			sourceTree = "<group>";
		};
		36108E8A2A2E4A1F00CA6D60 /* Utils */ = {
			isa = PBXGroup;
			children = (
			);
			path = Utils;
			sourceTree = "<group>";
		};
		36108E8B2A2E4A2000CA6D60 /* Core */ = {
			isa = PBXGroup;
			children = (
				36108E8E2A2E4A6300CA6D60 /* Home */,
			);
			path = Core;
			sourceTree = "<group>";
		};
		36108E8C2A2E4A2100CA6D60 /* App */ = {
			isa = PBXGroup;
			children = (
				36108D8E2A2E31E700CA6D60 /* ContentView.swift */,
			);
			path = App;
			sourceTree = "<group>";
		};
		36108E8D2A2E4A4600CA6D60 /* Extension */ = {
			isa = PBXGroup;
			children = (
			);
			path = Extension;
			sourceTree = "<group>";
		};
		36108E8E2A2E4A6300CA6D60 /* Home */ = {
			isa = PBXGroup;
			children = (
				36108E902A2E4B3800CA6D60 /* ViewModels */,
				36108E8F2A2E4B3400CA6D60 /* Views */,
			);
			path = Home;
			sourceTree = "<group>";
		};
		36108E8F2A2E4B3400CA6D60 /* Views */ = {
			isa = PBXGroup;
			children = (
				36108E912A2E4B4B00CA6D60 /* HomeView.swift */,
				36108E942A2E4C7000CA6D60 /* TopMoversView.swift */,
				36108E962A2E4C7800CA6D60 /* TopMoverItemView.swift */,
				36108E982A2E51CD00CA6D60 /* AllCoinsView.swift */,
				36108E9A2A2E51D400CA6D60 /* CoinRowView.swift */,
			);
			path = Views;
			sourceTree = "<group>";
		};
		36108E902A2E4B3800CA6D60 /* ViewModels */ = {
			isa = PBXGroup;
			children = (
			);
			path = ViewModels;
			sourceTree = "<group>";
		};
/* End PBXGroup section */

/* Begin PBXNativeTarget section */
		36108D882A2E31E700CA6D60 /* CryptoHub */ = {
			isa = PBXNativeTarget;
			buildConfigurationList = 36108D972A2E31EA00CA6D60 /* Build configuration list for PBXNativeTarget "CryptoHub" */;
			buildPhases = (
				36108D852A2E31E700CA6D60 /* Sources */,
				36108D862A2E31E700CA6D60 /* Frameworks */,
				36108D872A2E31E700CA6D60 /* Resources */,
			);
			buildRules = (
			);
			dependencies = (
			);
			name = CryptoHub;
			productName = CryptoHub;
			productReference = 36108D892A2E31E700CA6D60 /* CryptoHub.app */;
			productType = "com.apple.product-type.application";
		};
/* End PBXNativeTarget section */

/* Begin PBXProject section */
		36108D812A2E31E700CA6D60 /* Project object */ = {
			isa = PBXProject;
			attributes = {
				BuildIndependentTargetsInParallel = 1;
				LastSwiftUpdateCheck = 1420;
				LastUpgradeCheck = 1420;
				TargetAttributes = {
					36108D882A2E31E700CA6D60 = {
						CreatedOnToolsVersion = 14.2;
					};
				};
			};
			buildConfigurationList = 36108D842A2E31E700CA6D60 /* Build configuration list for PBXProject "CryptoHub" */;
			compatibilityVersion = "Xcode 14.0";
			developmentRegion = en;
			hasScannedForEncodings = 0;
			knownRegions = (
				en,
				Base,
			);
			mainGroup = 36108D802A2E31E700CA6D60;
			productRefGroup = 36108D8A2A2E31E700CA6D60 /* Products */;
			projectDirPath = "";
			projectRoot = "";
			targets = (
				36108D882A2E31E700CA6D60 /* CryptoHub */,
			);
		};
/* End PBXProject section */

/* Begin PBXResourcesBuildPhase section */
		36108D872A2E31E700CA6D60 /* Resources */ = {
			isa = PBXResourcesBuildPhase;
			buildActionMask = 2147483647;
			files = (
				36108D942A2E31EA00CA6D60 /* Preview Assets.xcassets in Resources */,
				36108D912A2E31EA00CA6D60 /* Assets.xcassets in Resources */,
			);
			runOnlyForDeploymentPostprocessing = 0;
		};
/* End PBXResourcesBuildPhase section */

/* Begin PBXSourcesBuildPhase section */
		36108D852A2E31E700CA6D60 /* Sources */ = {
			isa = PBXSourcesBuildPhase;
			buildActionMask = 2147483647;
			files = (
				36108E952A2E4C7000CA6D60 /* TopMoversView.swift in Sources */,
				36108E992A2E51CD00CA6D60 /* AllCoinsView.swift in Sources */,
				36108E972A2E4C7800CA6D60 /* TopMoverItemView.swift in Sources */,
				36108E922A2E4B4B00CA6D60 /* HomeView.swift in Sources */,
				36108D8F2A2E31E700CA6D60 /* ContentView.swift in Sources */,
				36108E9B2A2E51D400CA6D60 /* CoinRowView.swift in Sources */,
				36108D8D2A2E31E700CA6D60 /* CryptoHubApp.swift in Sources */,
			);
			runOnlyForDeploymentPostprocessing = 0;
		};
/* End PBXSourcesBuildPhase section */

/* Begin XCBuildConfiguration section */
		36108D952A2E31EA00CA6D60 /* Debug */ = {
			isa = XCBuildConfiguration;
			buildSettings = {
				ALWAYS_SEARCH_USER_PATHS = NO;
				CLANG_ANALYZER_NONNULL = YES;
				CLANG_ANALYZER_NUMBER_OBJECT_CONVERSION = YES_AGGRESSIVE;
				CLANG_CXX_LANGUAGE_STANDARD = "gnu++20";
				CLANG_ENABLE_MODULES = YES;
				CLANG_ENABLE_OBJC_ARC = YES;
				CLANG_ENABLE_OBJC_WEAK = YES;
				CLANG_WARN_BLOCK_CAPTURE_AUTORELEASING = YES;
				CLANG_WARN_BOOL_CONVERSION = YES;
				CLANG_WARN_COMMA = YES;
				CLANG_WARN_CONSTANT_CONVERSION = YES;
				CLANG_WARN_DEPRECATED_OBJC_IMPLEMENTATIONS = YES;
				CLANG_WARN_DIRECT_OBJC_ISA_USAGE = YES_ERROR;
				CLANG_WARN_DOCUMENTATION_COMMENTS = YES;
				CLANG_WARN_EMPTY_BODY = YES;
				CLANG_WARN_ENUM_CONVERSION = YES;
				CLANG_WARN_INFINITE_RECURSION = YES;
				CLANG_WARN_INT_CONVERSION = YES;
				CLANG_WARN_NON_LITERAL_NULL_CONVERSION = YES;
				CLANG_WARN_OBJC_IMPLICIT_RETAIN_SELF = YES;
				CLANG_WARN_OBJC_LITERAL_CONVERSION = YES;
				CLANG_WARN_OBJC_ROOT_CLASS = YES_ERROR;
				CLANG_WARN_QUOTED_INCLUDE_IN_FRAMEWORK_HEADER = YES;
				CLANG_WARN_RANGE_LOOP_ANALYSIS = YES;
				CLANG_WARN_STRICT_PROTOTYPES = YES;
				CLANG_WARN_SUSPICIOUS_MOVE = YES;
				CLANG_WARN_UNGUARDED_AVAILABILITY = YES_AGGRESSIVE;
				CLANG_WARN_UNREACHABLE_CODE = YES;
				CLANG_WARN__DUPLICATE_METHOD_MATCH = YES;
				COPY_PHASE_STRIP = NO;
				DEBUG_INFORMATION_FORMAT = dwarf;
				ENABLE_STRICT_OBJC_MSGSEND = YES;
				ENABLE_TESTABILITY = YES;
				GCC_C_LANGUAGE_STANDARD = gnu11;
				GCC_DYNAMIC_NO_PIC = NO;
				GCC_NO_COMMON_BLOCKS = YES;
				GCC_OPTIMIZATION_LEVEL = 0;
				GCC_PREPROCESSOR_DEFINITIONS = (
					"DEBUG=1",
					"$(inherited)",
				);
				GCC_WARN_64_TO_32_BIT_CONVERSION = YES;
				GCC_WARN_ABOUT_RETURN_TYPE = YES_ERROR;
				GCC_WARN_UNDECLARED_SELECTOR = YES;
				GCC_WARN_UNINITIALIZED_AUTOS = YES_AGGRESSIVE;
				GCC_WARN_UNUSED_FUNCTION = YES;
				GCC_WARN_UNUSED_VARIABLE = YES;
				IPHONEOS_DEPLOYMENT_TARGET = 16.2;
				MTL_ENABLE_DEBUG_INFO = INCLUDE_SOURCE;
				MTL_FAST_MATH = YES;
				ONLY_ACTIVE_ARCH = YES;
				SDKROOT = iphoneos;
				SWIFT_ACTIVE_COMPILATION_CONDITIONS = DEBUG;
				SWIFT_OPTIMIZATION_LEVEL = "-Onone";
			};
			name = Debug;
		};
		36108D962A2E31EA00CA6D60 /* Release */ = {
			isa = XCBuildConfiguration;
			buildSettings = {
				ALWAYS_SEARCH_USER_PATHS = NO;
				CLANG_ANALYZER_NONNULL = YES;
				CLANG_ANALYZER_NUMBER_OBJECT_CONVERSION = YES_AGGRESSIVE;
				CLANG_CXX_LANGUAGE_STANDARD = "gnu++20";
				CLANG_ENABLE_MODULES = YES;
				CLANG_ENABLE_OBJC_ARC = YES;
				CLANG_ENABLE_OBJC_WEAK = YES;
				CLANG_WARN_BLOCK_CAPTURE_AUTORELEASING = YES;
				CLANG_WARN_BOOL_CONVERSION = YES;
				CLANG_WARN_COMMA = YES;
				CLANG_WARN_CONSTANT_CONVERSION = YES;
				CLANG_WARN_DEPRECATED_OBJC_IMPLEMENTATIONS = YES;
				CLANG_WARN_DIRECT_OBJC_ISA_USAGE = YES_ERROR;
				CLANG_WARN_DOCUMENTATION_COMMENTS = YES;
				CLANG_WARN_EMPTY_BODY = YES;
				CLANG_WARN_ENUM_CONVERSION = YES;
				CLANG_WARN_INFINITE_RECURSION = YES;
				CLANG_WARN_INT_CONVERSION = YES;
				CLANG_WARN_NON_LITERAL_NULL_CONVERSION = YES;
				CLANG_WARN_OBJC_IMPLICIT_RETAIN_SELF = YES;
				CLANG_WARN_OBJC_LITERAL_CONVERSION = YES;
				CLANG_WARN_OBJC_ROOT_CLASS = YES_ERROR;
				CLANG_WARN_QUOTED_INCLUDE_IN_FRAMEWORK_HEADER = YES;
				CLANG_WARN_RANGE_LOOP_ANALYSIS = YES;
				CLANG_WARN_STRICT_PROTOTYPES = YES;
				CLANG_WARN_SUSPICIOUS_MOVE = YES;
				CLANG_WARN_UNGUARDED_AVAILABILITY = YES_AGGRESSIVE;
				CLANG_WARN_UNREACHABLE_CODE = YES;
				CLANG_WARN__DUPLICATE_METHOD_MATCH = YES;
				COPY_PHASE_STRIP = NO;
				DEBUG_INFORMATION_FORMAT = "dwarf-with-dsym";
				ENABLE_NS_ASSERTIONS = NO;
				ENABLE_STRICT_OBJC_MSGSEND = YES;
				GCC_C_LANGUAGE_STANDARD = gnu11;
				GCC_NO_COMMON_BLOCKS = YES;
				GCC_WARN_64_TO_32_BIT_CONVERSION = YES;
				GCC_WARN_ABOUT_RETURN_TYPE = YES_ERROR;
				GCC_WARN_UNDECLARED_SELECTOR = YES;
				GCC_WARN_UNINITIALIZED_AUTOS = YES_AGGRESSIVE;
				GCC_WARN_UNUSED_FUNCTION = YES;
				GCC_WARN_UNUSED_VARIABLE = YES;
				IPHONEOS_DEPLOYMENT_TARGET = 16.2;
				MTL_ENABLE_DEBUG_INFO = NO;
				MTL_FAST_MATH = YES;
				SDKROOT = iphoneos;
				SWIFT_COMPILATION_MODE = wholemodule;
				SWIFT_OPTIMIZATION_LEVEL = "-O";
				VALIDATE_PRODUCT = YES;
			};
			name = Release;
		};
		36108D982A2E31EA00CA6D60 /* Debug */ = {
			isa = XCBuildConfiguration;
			buildSettings = {
				ASSETCATALOG_COMPILER_APPICON_NAME = AppIcon;
				ASSETCATALOG_COMPILER_GLOBAL_ACCENT_COLOR_NAME = AccentColor;
				CODE_SIGN_STYLE = Automatic;
				CURRENT_PROJECT_VERSION = 1;
				DEVELOPMENT_ASSET_PATHS = "\"CryptoHub/Preview Content\"";
				DEVELOPMENT_TEAM = 56GPYX4M8B;
				ENABLE_PREVIEWS = YES;
				GENERATE_INFOPLIST_FILE = YES;
				INFOPLIST_KEY_UIApplicationSceneManifest_Generation = YES;
				INFOPLIST_KEY_UIApplicationSupportsIndirectInputEvents = YES;
				INFOPLIST_KEY_UILaunchScreen_Generation = YES;
				INFOPLIST_KEY_UISupportedInterfaceOrientations_iPad = "UIInterfaceOrientationPortrait UIInterfaceOrientationPortraitUpsideDown UIInterfaceOrientationLandscapeLeft UIInterfaceOrientationLandscapeRight";
				INFOPLIST_KEY_UISupportedInterfaceOrientations_iPhone = "UIInterfaceOrientationPortrait UIInterfaceOrientationLandscapeLeft UIInterfaceOrientationLandscapeRight";
				LD_RUNPATH_SEARCH_PATHS = (
					"$(inherited)",
					"@executable_path/Frameworks",
				);
				MARKETING_VERSION = 1.0;
				PRODUCT_BUNDLE_IDENTIFIER = com.CanKanbur.CryptoHub;
				PRODUCT_NAME = "$(TARGET_NAME)";
				SWIFT_EMIT_LOC_STRINGS = YES;
				SWIFT_VERSION = 5.0;
				TARGETED_DEVICE_FAMILY = "1,2";
			};
			name = Debug;
		};
		36108D992A2E31EA00CA6D60 /* Release */ = {
			isa = XCBuildConfiguration;
			buildSettings = {
				ASSETCATALOG_COMPILER_APPICON_NAME = AppIcon;
				ASSETCATALOG_COMPILER_GLOBAL_ACCENT_COLOR_NAME = AccentColor;
				CODE_SIGN_STYLE = Automatic;
				CURRENT_PROJECT_VERSION = 1;
				DEVELOPMENT_ASSET_PATHS = "\"CryptoHub/Preview Content\"";
				DEVELOPMENT_TEAM = 56GPYX4M8B;
				ENABLE_PREVIEWS = YES;
				GENERATE_INFOPLIST_FILE = YES;
				INFOPLIST_KEY_UIApplicationSceneManifest_Generation = YES;
				INFOPLIST_KEY_UIApplicationSupportsIndirectInputEvents = YES;
				INFOPLIST_KEY_UILaunchScreen_Generation = YES;
				INFOPLIST_KEY_UISupportedInterfaceOrientations_iPad = "UIInterfaceOrientationPortrait UIInterfaceOrientationPortraitUpsideDown UIInterfaceOrientationLandscapeLeft UIInterfaceOrientationLandscapeRight";
				INFOPLIST_KEY_UISupportedInterfaceOrientations_iPhone = "UIInterfaceOrientationPortrait UIInterfaceOrientationLandscapeLeft UIInterfaceOrientationLandscapeRight";
				LD_RUNPATH_SEARCH_PATHS = (
					"$(inherited)",
					"@executable_path/Frameworks",
				);
				MARKETING_VERSION = 1.0;
				PRODUCT_BUNDLE_IDENTIFIER = com.CanKanbur.CryptoHub;
				PRODUCT_NAME = "$(TARGET_NAME)";
				SWIFT_EMIT_LOC_STRINGS = YES;
				SWIFT_VERSION = 5.0;
				TARGETED_DEVICE_FAMILY = "1,2";
			};
			name = Release;
		};
/* End XCBuildConfiguration section */

/* Begin XCConfigurationList section */
		36108D842A2E31E700CA6D60 /* Build configuration list for PBXProject "CryptoHub" */ = {
			isa = XCConfigurationList;
			buildConfigurations = (
				36108D952A2E31EA00CA6D60 /* Debug */,
				36108D962A2E31EA00CA6D60 /* Release */,
			);
			defaultConfigurationIsVisible = 0;
			defaultConfigurationName = Release;
		};
		36108D972A2E31EA00CA6D60 /* Build configuration list for PBXNativeTarget "CryptoHub" */ = {
			isa = XCConfigurationList;
			buildConfigurations = (
				36108D982A2E31EA00CA6D60 /* Debug */,
				36108D992A2E31EA00CA6D60 /* Release */,
			);
			defaultConfigurationIsVisible = 0;
			defaultConfigurationName = Release;
		};
/* End XCConfigurationList section */
	};
	rootObject = 36108D812A2E31E700CA6D60 /* Project object */;
}
